
Microsoft Visual Studio Solution File, Format Version 12.00
# Visual Studio Version 17
VisualStudioVersion = 17.10.34928.147
MinimumVisualStudioVersion = 10.0.40219.1
Project("{8BC9CEB8-8B4A-11D0-8D11-00A0C91BC942}") = "ASLR-Example-32", "ASLR-Example-32\ASLR-Example-32.vcxproj", "{7FBC45D6-D0D6-46EE-B196-A41E852B11EF}"
EndProject
Global
	GlobalSection(SolutionConfigurationPlatforms) = preSolution
		Debug|x64 = Debug|x64
		Debug|x86 = Debug|x86
		Release|x64 = Release|x64
		Release|x86 = Release|x86
	EndGlobalSection
	GlobalSection(ProjectConfigurationPlatforms) = postSolution
		{7FBC45D6-D0D6-46EE-B196-A41E852B11EF}.Debug|x64.ActiveCfg = Debug|Win32
		{7FBC45D6-D0D6-46EE-B196-A41E852B11EF}.Debug|x64.Build.0 = Debug|Win32
		{7FBC45D6-D0D6-46EE-B196-A41E852B11EF}.Debug|x86.ActiveCfg = Debug|Win32
		{7FBC45D6-D0D6-46EE-B196-A41E852B11EF}.Debug|x86.Build.0 = Debug|Win32
		{7FBC45D6-D0D6-46EE-B196-A41E852B11EF}.Release|x64.ActiveCfg = Release|x64
		{7FBC45D6-D0D6-46EE-B196-A41E852B11EF}.Release|x64.Build.0 = Release|x64
		{7FBC45D6-D0D6-46EE-B196-A41E852B11EF}.Release|x86.ActiveCfg = Release|Win32
		{7FBC45D6-D0D6-46EE-B196-A41E852B11EF}.Release|x86.Build.0 = Release|Win32
	EndGlobalSection
	GlobalSection(SolutionProperties) = preSolution
		HideSolutionNode = FALSE
	EndGlobalSection
	GlobalSection(ExtensibilityGlobals) = postSolution
		SolutionGuid = {57DD86C7-AA4D-48DA-AFF2-D3D8B90A92D1}
	EndGlobalSection
EndGlobal
